{
  "originHash" : "d9004853b7304487c9f390c7b3c673999db41c9eb8f08dba1584d94f3b0279cd",
  "pins" : [
    {
      "identity" : "bdk-swift",
      "kind" : "remoteSourceControl",
      "location" : "https://github.com/bitcoindevkit/bdk-swift",
      "state" : {
        "revision" : "6cc7412e0ead59cf6d51e8b061ce9f8e3ebb180a",
        "version" : "0.31.2"
      }
    },
    {
      "identity" : "codescanner",
      "kind" : "remoteSourceControl",
      "location" : "https://github.com/twostraws/CodeScanner",
      "state" : {
        "revision" : "34da57fb63b47add20de8a85da58191523ccce57",
        "version" : "2.5.0"
      }
    },
    {
      "identity" : "ldk-node",
      "kind" : "remoteSourceControl",
      "location" : "https://github.com/lightningdevkit/ldk-node/",
      "state" : {
        "revision" : "bd9bd683201c1597d8930ac4118fa950cedfd56c",
        "version" : "0.3.0"
      }
    },
    {
      "identity" : "ldk-swift",
      "kind" : "remoteSourceControl",
      "location" : "https://github.com/lightningdevkit/ldk-swift/",
      "state" : {
        "revision" : "b36f37fc216ae83eb8fdc625ae3c85ea4158a7d6",
        "version" : "0.0.125"
      }
    },
    {
      "identity" : "lnurldecoder",
      "kind" : "remoteSourceControl",
      "location" : "https://github.com/FlorianHubl/LNURLDecoder",
      "state" : {
        "branch" : "main",
        "revision" : "bfdfd5434571f8910ffd7cdb9e46759dd33ecbbd"
      }
    },
    {
      "identity" : "musig2-ios-api",
      "kind" : "remoteSourceControl",
      "location" : "https://github.com/chainx-org/musig2-ios-api",
      "state" : {
        "revision" : "373c4cec6ba80e1474029f865a851718d675b700",
        "version" : "2.7.0"
      }
    },
    {
      "identity" : "sentry-cocoa",
      "kind" : "remoteSourceControl",
      "location" : "https://github.com/getsentry/sentry-cocoa/",
      "state" : {
        "revision" : "08862789e1cbba7a9561bed69832a9306f339cd3",
        "version" : "8.29.1"
      }
    },
    {
      "identity" : "spconfetti",
      "kind" : "remoteSourceControl",
      "location" : "https://github.com/ivanvorobei/SPConfetti",
      "state" : {
        "revision" : "0896bbf9ec20eaf125598d0f36ee5f1049117e18",
        "version" : "1.4.2"
      }
    },
    {
      "identity" : "swift-secp256k1",
      "kind" : "remoteSourceControl",
      "location" : "https://github.com/21-DOT-DEV/swift-secp256k1",
      "state" : {
        "revision" : "57ce9af6db14e0114af631ace25231a9d0ccccbd",
        "version" : "0.18.0"
      }
    }
  ],
  "version" : 3
}
