// !$*UTF8*$!
{
	archiveVersion = 1;
	classes = {
	};
	objectVersion = 56;
	objects = {

/* Begin PBXBuildFile section */
		050B4BAE2A16579D00563F29 /* SettingsTableViewCell.swift in Sources */ = {isa = PBXBuildFile; fileRef = 050B4BAD2A16579D00563F29 /* SettingsTableViewCell.swift */; };
		050B4BB12A1BBB9600563F29 /* SignupViewController.swift in Sources */ = {isa = PBXBuildFile; fileRef = 050B4BB02A1BBB9600563F29 /* SignupViewController.swift */; };
		050B4BB32A1BBD5F00563F29 /* Signup1ViewController.swift in Sources */ = {isa = PBXBuildFile; fileRef = 050B4BB22A1BBD5F00563F29 /* Signup1ViewController.swift */; };
		050B4BB52A1BC96300563F29 /* Signup2ViewController.swift in Sources */ = {isa = PBXBuildFile; fileRef = 050B4BB42A1BC96300563F29 /* Signup2ViewController.swift */; };
		051BE0882B641D41009CED5B /* Reachability.swift in Sources */ = {isa = PBXBuildFile; fileRef = 051BE0872B641D41009CED5B /* Reachability.swift */; };
		051D778F2A9DEAC8002107C0 /* PinViewController.swift in Sources */ = {isa = PBXBuildFile; fileRef = 051D778E2A9DEAC8002107C0 /* PinViewController.swift */; };
		051D77912A9DF8E3002107C0 /* Restore2ViewController.swift in Sources */ = {isa = PBXBuildFile; fileRef = 051D77902A9DF8E3002107C0 /* Restore2ViewController.swift */; };
		051D77932A9DFCCE002107C0 /* Restore3ViewController.swift in Sources */ = {isa = PBXBuildFile; fileRef = 051D77922A9DFCCE002107C0 /* Restore3ViewController.swift */; };
		052A2A842A0E604F00DE2FE4 /* ArticleCollectionViewCell.swift in Sources */ = {isa = PBXBuildFile; fileRef = 052A2A832A0E604F00DE2FE4 /* ArticleCollectionViewCell.swift */; };
		052DC6932AA853B700CD59B0 /* Transaction.swift in Sources */ = {isa = PBXBuildFile; fileRef = 052DC6922AA853B700CD59B0 /* Transaction.swift */; };
		053190DE29FD60EA0072CE76 /* Syne-Regular.ttf in Resources */ = {isa = PBXBuildFile; fileRef = 053190DD29FD60EA0072CE76 /* Syne-Regular.ttf */; };
		053190E229FD658F0072CE76 /* Gilroy-Bold.ttf in Resources */ = {isa = PBXBuildFile; fileRef = 053190E129FD658F0072CE76 /* Gilroy-Bold.ttf */; };
		053190E429FD659B0072CE76 /* Gilroy-Regular.ttf in Resources */ = {isa = PBXBuildFile; fileRef = 053190E329FD659A0072CE76 /* Gilroy-Regular.ttf */; };
		053190E629FEE4DE0072CE76 /* ProfitViewController.swift in Sources */ = {isa = PBXBuildFile; fileRef = 053190E529FEE4DE0072CE76 /* ProfitViewController.swift */; };
		053190E829FEE4EC0072CE76 /* GoalViewController.swift in Sources */ = {isa = PBXBuildFile; fileRef = 053190E729FEE4EC0072CE76 /* GoalViewController.swift */; };
		053190EA29FEE4F80072CE76 /* MoveViewController.swift in Sources */ = {isa = PBXBuildFile; fileRef = 053190E929FEE4F80072CE76 /* MoveViewController.swift */; };
		053190EC29FEE5190072CE76 /* TransactionViewController.swift in Sources */ = {isa = PBXBuildFile; fileRef = 053190EB29FEE5190072CE76 /* TransactionViewController.swift */; };
		053190EE29FEE7C90072CE76 /* ArticleViewController.swift in Sources */ = {isa = PBXBuildFile; fileRef = 053190ED29FEE7C90072CE76 /* ArticleViewController.swift */; };
		055CC0F72A28ABB80000200A /* Signup4ViewController.swift in Sources */ = {isa = PBXBuildFile; fileRef = 055CC0F62A28ABB80000200A /* Signup4ViewController.swift */; };
		0564B2442B5FEF0E001ECCF0 /* DeviceViewController.swift in Sources */ = {isa = PBXBuildFile; fileRef = 0564B2432B5FEF0E001ECCF0 /* DeviceViewController.swift */; };
		0577C3F92AFA28180047A3DC /* BittrService.swift in Sources */ = {isa = PBXBuildFile; fileRef = 0577C3F82AFA28180047A3DC /* BittrService.swift */; };
		0579B2712A0530F80007891F /* SendViewController.swift in Sources */ = {isa = PBXBuildFile; fileRef = 0579B2702A0530F80007891F /* SendViewController.swift */; };
		0579B2732A0531470007891F /* ReceiveViewController.swift in Sources */ = {isa = PBXBuildFile; fileRef = 0579B2722A0531470007891F /* ReceiveViewController.swift */; };
		057A01512A836B1900CA0747 /* BitcoinViewModel.swift in Sources */ = {isa = PBXBuildFile; fileRef = 057A01502A836B1900CA0747 /* BitcoinViewModel.swift */; };
		057E6E892A14DBAC00B37026 /* OneArticleTableViewCell.swift in Sources */ = {isa = PBXBuildFile; fileRef = 057E6E882A14DBAC00B37026 /* OneArticleTableViewCell.swift */; };
		057E6E8B2A14DDBC00B37026 /* Article.swift in Sources */ = {isa = PBXBuildFile; fileRef = 057E6E8A2A14DDBC00B37026 /* Article.swift */; };
		0595AB092B2EE7E900375498 /* WebsiteViewController.swift in Sources */ = {isa = PBXBuildFile; fileRef = 0595AB082B2EE7E900375498 /* WebsiteViewController.swift */; };
		05980B522A46F76E001F312F /* IbanEntity.swift in Sources */ = {isa = PBXBuildFile; fileRef = 05980B512A46F76E001F312F /* IbanEntity.swift */; };
		05980B542A46F7E4001F312F /* Client.swift in Sources */ = {isa = PBXBuildFile; fileRef = 05980B532A46F7E4001F312F /* Client.swift */; };
		05980B562A46F892001F312F /* Device.swift in Sources */ = {isa = PBXBuildFile; fileRef = 05980B552A46F892001F312F /* Device.swift */; };
		05980B582A46F8DA001F312F /* CacheManager.swift in Sources */ = {isa = PBXBuildFile; fileRef = 05980B572A46F8DA001F312F /* CacheManager.swift */; };
		05A2241129E6C98100F9861F /* HomeViewController.swift in Sources */ = {isa = PBXBuildFile; fileRef = 05A2241029E6C98100F9861F /* HomeViewController.swift */; };
		05A2241329E6E56500F9861F /* GraphView.swift in Sources */ = {isa = PBXBuildFile; fileRef = 05A2241229E6E56500F9861F /* GraphView.swift */; };
		05A965C02A6FBDDA00265BE6 /* AddressViewModel.swift in Sources */ = {isa = PBXBuildFile; fileRef = 05A965BF2A6FBDDA00265BE6 /* AddressViewModel.swift */; };
		05A965C22A6FBE1F00265BE6 /* MondayError.swift in Sources */ = {isa = PBXBuildFile; fileRef = 05A965C12A6FBE1F00265BE6 /* MondayError.swift */; };
		05A965C42A6FC58000265BE6 /* NodeIDViewModel.swift in Sources */ = {isa = PBXBuildFile; fileRef = 05A965C32A6FC58000265BE6 /* NodeIDViewModel.swift */; };
		05BFCEB72A3B113E00565E2A /* Transfer15ViewController.swift in Sources */ = {isa = PBXBuildFile; fileRef = 05BFCEB62A3B113E00565E2A /* Transfer15ViewController.swift */; };
		05BFCEB92A3B1A1100565E2A /* RegisterIbanViewController.swift in Sources */ = {isa = PBXBuildFile; fileRef = 05BFCEB82A3B1A1100565E2A /* RegisterIbanViewController.swift */; };
		05C3C08529CCB55600C1E695 /* AppDelegate.swift in Sources */ = {isa = PBXBuildFile; fileRef = 05C3C08429CCB55600C1E695 /* AppDelegate.swift */; };
		05C3C08729CCB55600C1E695 /* SceneDelegate.swift in Sources */ = {isa = PBXBuildFile; fileRef = 05C3C08629CCB55600C1E695 /* SceneDelegate.swift */; };
		05C3C08929CCB55600C1E695 /* ViewController.swift in Sources */ = {isa = PBXBuildFile; fileRef = 05C3C08829CCB55600C1E695 /* ViewController.swift */; };
		05C3C08C29CCB55600C1E695 /* Main.storyboard in Resources */ = {isa = PBXBuildFile; fileRef = 05C3C08A29CCB55600C1E695 /* Main.storyboard */; };
		05C3C08E29CCB55800C1E695 /* Assets.xcassets in Resources */ = {isa = PBXBuildFile; fileRef = 05C3C08D29CCB55800C1E695 /* Assets.xcassets */; };
		05C3C09129CCB55800C1E695 /* LaunchScreen.storyboard in Resources */ = {isa = PBXBuildFile; fileRef = 05C3C08F29CCB55800C1E695 /* LaunchScreen.storyboard */; };
		05C3C09C29CCB55800C1E695 /* bittrTests.swift in Sources */ = {isa = PBXBuildFile; fileRef = 05C3C09B29CCB55800C1E695 /* bittrTests.swift */; };
		05C3C0A629CCB55800C1E695 /* bittrUITests.swift in Sources */ = {isa = PBXBuildFile; fileRef = 05C3C0A529CCB55800C1E695 /* bittrUITests.swift */; };
		05C3C0A829CCB55800C1E695 /* bittrUITestsLaunchTests.swift in Sources */ = {isa = PBXBuildFile; fileRef = 05C3C0A729CCB55800C1E695 /* bittrUITestsLaunchTests.swift */; };
		05C3C0B629CCBFED00C1E695 /* CoreViewController.swift in Sources */ = {isa = PBXBuildFile; fileRef = 05C3C0B529CCBFED00C1E695 /* CoreViewController.swift */; };
		05C3C0B829CCC75600C1E695 /* Montserrat-Regular.ttf in Resources */ = {isa = PBXBuildFile; fileRef = 05C3C0B729CCC75600C1E695 /* Montserrat-Regular.ttf */; };
		05C3C0BA29CCC76100C1E695 /* Montserrat-Bold.ttf in Resources */ = {isa = PBXBuildFile; fileRef = 05C3C0B929CCC76100C1E695 /* Montserrat-Bold.ttf */; };
		05C3C0BC29CE75FA00C1E695 /* BlurEffectViewLight.swift in Sources */ = {isa = PBXBuildFile; fileRef = 05C3C0BB29CE75FA00C1E695 /* BlurEffectViewLight.swift */; };
		05C5A0ED2A33252C004CC671 /* Transfer1ViewController.swift in Sources */ = {isa = PBXBuildFile; fileRef = 05C5A0EC2A33252C004CC671 /* Transfer1ViewController.swift */; };
		05C5A0EF2A334E30004CC671 /* Transfer2ViewController.swift in Sources */ = {isa = PBXBuildFile; fileRef = 05C5A0EE2A334E30004CC671 /* Transfer2ViewController.swift */; };
		05C811232B37107700DEFBB1 /* LightningPaymentViewController.swift in Sources */ = {isa = PBXBuildFile; fileRef = 05C811222B37107700DEFBB1 /* LightningPaymentViewController.swift */; };
		05CF933A2A1E711B0084A221 /* Signup3ViewController.swift in Sources */ = {isa = PBXBuildFile; fileRef = 05CF93392A1E711B0084A221 /* Signup3ViewController.swift */; };
		05D4E9C92B32E92A008823D7 /* LightningDevKit in Frameworks */ = {isa = PBXBuildFile; productRef = 05D4E9C82B32E92A008823D7 /* LightningDevKit */; };
		05D5D0DC2A6677EF00A1E771 /* BitcoinDevKit in Frameworks */ = {isa = PBXBuildFile; productRef = 05D5D0DB2A6677EF00A1E771 /* BitcoinDevKit */; };
		05D5D0DF2A66790400A1E771 /* CodeScanner in Frameworks */ = {isa = PBXBuildFile; productRef = 05D5D0DE2A66790400A1E771 /* CodeScanner */; };
		05D5D0E22A66796B00A1E771 /* KeychainSwift in Frameworks */ = {isa = PBXBuildFile; productRef = 05D5D0E12A66796B00A1E771 /* KeychainSwift */; };
		05D5D0E52A667BC500A1E771 /* LDKNode in Frameworks */ = {isa = PBXBuildFile; productRef = 05D5D0E42A667BC500A1E771 /* LDKNode */; };
		05D5D0E72A66825000A1E771 /* LightningNodeService.swift in Sources */ = {isa = PBXBuildFile; fileRef = 05D5D0E62A66825000A1E771 /* LightningNodeService.swift */; };
		05D5D0EA2A66836300A1E771 /* LightningStorage.swift in Sources */ = {isa = PBXBuildFile; fileRef = 05D5D0E92A66836300A1E771 /* LightningStorage.swift */; };
		05D5D0EC2A66843B00A1E771 /* FileManager+Extensions.swift in Sources */ = {isa = PBXBuildFile; fileRef = 05D5D0EB2A66843B00A1E771 /* FileManager+Extensions.swift */; };
		05D5D0EE2A66852D00A1E771 /* Constants.swift in Sources */ = {isa = PBXBuildFile; fileRef = 05D5D0ED2A66852D00A1E771 /* Constants.swift */; };
		05E2995A2A39CB3700FA0AEE /* IbanCollectionViewCell.swift in Sources */ = {isa = PBXBuildFile; fileRef = 05E299592A39CB3700FA0AEE /* IbanCollectionViewCell.swift */; };
		05E7434F2A357AB6007755A2 /* Transfer3ViewController.swift in Sources */ = {isa = PBXBuildFile; fileRef = 05E7434E2A357AB6007755A2 /* Transfer3ViewController.swift */; };
		05E743512A3581F9007755A2 /* RestoreViewController.swift in Sources */ = {isa = PBXBuildFile; fileRef = 05E743502A3581F9007755A2 /* RestoreViewController.swift */; };
		05F8DC5729EEBFA1008052B5 /* HistoryTableViewCell.swift in Sources */ = {isa = PBXBuildFile; fileRef = 05F8DC5629EEBFA1008052B5 /* HistoryTableViewCell.swift */; };
		05F8DC5B29F2B45F008052B5 /* InfoViewController.swift in Sources */ = {isa = PBXBuildFile; fileRef = 05F8DC5A29F2B45F008052B5 /* InfoViewController.swift */; };
		05F8DC5D29F2B46A008052B5 /* SettingsViewController.swift in Sources */ = {isa = PBXBuildFile; fileRef = 05F8DC5C29F2B46A008052B5 /* SettingsViewController.swift */; };
		05F8DC5F29F2E212008052B5 /* ArticleTableViewCell.swift in Sources */ = {isa = PBXBuildFile; fileRef = 05F8DC5E29F2E212008052B5 /* ArticleTableViewCell.swift */; };
		05FD58C12A28C6CC00CDFEF9 /* Signup5ViewController.swift in Sources */ = {isa = PBXBuildFile; fileRef = 05FD58C02A28C6CC00CDFEF9 /* Signup5ViewController.swift */; };
		05FD58C32A28DF3A00CDFEF9 /* Signup6ViewController.swift in Sources */ = {isa = PBXBuildFile; fileRef = 05FD58C22A28DF3A00CDFEF9 /* Signup6ViewController.swift */; };
		05FD58C52A2A0B0E00CDFEF9 /* Signup7ViewController.swift in Sources */ = {isa = PBXBuildFile; fileRef = 05FD58C42A2A0B0E00CDFEF9 /* Signup7ViewController.swift */; };
/* End PBXBuildFile section */

/* Begin PBXContainerItemProxy section */
		05C3C09829CCB55800C1E695 /* PBXContainerItemProxy */ = {
			isa = PBXContainerItemProxy;
			containerPortal = 05C3C07929CCB55600C1E695 /* Project object */;
			proxyType = 1;
			remoteGlobalIDString = 05C3C08029CCB55600C1E695;
			remoteInfo = bittr;
		};
		05C3C0A229CCB55800C1E695 /* PBXContainerItemProxy */ = {
			isa = PBXContainerItemProxy;
			containerPortal = 05C3C07929CCB55600C1E695 /* Project object */;
			proxyType = 1;
			remoteGlobalIDString = 05C3C08029CCB55600C1E695;
			remoteInfo = bittr;
		};
/* End PBXContainerItemProxy section */

/* Begin PBXFileReference section */
		050B4BAD2A16579D00563F29 /* SettingsTableViewCell.swift */ = {isa = PBXFileReference; lastKnownFileType = sourcecode.swift; path = SettingsTableViewCell.swift; sourceTree = "<group>"; };
		050B4BB02A1BBB9600563F29 /* SignupViewController.swift */ = {isa = PBXFileReference; lastKnownFileType = sourcecode.swift; path = SignupViewController.swift; sourceTree = "<group>"; };
		050B4BB22A1BBD5F00563F29 /* Signup1ViewController.swift */ = {isa = PBXFileReference; lastKnownFileType = sourcecode.swift; path = Signup1ViewController.swift; sourceTree = "<group>"; };
		050B4BB42A1BC96300563F29 /* Signup2ViewController.swift */ = {isa = PBXFileReference; lastKnownFileType = sourcecode.swift; path = Signup2ViewController.swift; sourceTree = "<group>"; };
		051BE0872B641D41009CED5B /* Reachability.swift */ = {isa = PBXFileReference; lastKnownFileType = sourcecode.swift; path = Reachability.swift; sourceTree = "<group>"; };
		051D778E2A9DEAC8002107C0 /* PinViewController.swift */ = {isa = PBXFileReference; lastKnownFileType = sourcecode.swift; path = PinViewController.swift; sourceTree = "<group>"; };
		051D77902A9DF8E3002107C0 /* Restore2ViewController.swift */ = {isa = PBXFileReference; lastKnownFileType = sourcecode.swift; path = Restore2ViewController.swift; sourceTree = "<group>"; };
		051D77922A9DFCCE002107C0 /* Restore3ViewController.swift */ = {isa = PBXFileReference; lastKnownFileType = sourcecode.swift; path = Restore3ViewController.swift; sourceTree = "<group>"; };
		052A2A832A0E604F00DE2FE4 /* ArticleCollectionViewCell.swift */ = {isa = PBXFileReference; lastKnownFileType = sourcecode.swift; path = ArticleCollectionViewCell.swift; sourceTree = "<group>"; };
		052DC6922AA853B700CD59B0 /* Transaction.swift */ = {isa = PBXFileReference; lastKnownFileType = sourcecode.swift; path = Transaction.swift; sourceTree = "<group>"; };
		053190DD29FD60EA0072CE76 /* Syne-Regular.ttf */ = {isa = PBXFileReference; lastKnownFileType = file; path = "Syne-Regular.ttf"; sourceTree = "<group>"; };
		053190E129FD658F0072CE76 /* Gilroy-Bold.ttf */ = {isa = PBXFileReference; lastKnownFileType = file; path = "Gilroy-Bold.ttf"; sourceTree = "<group>"; };
		053190E329FD659A0072CE76 /* Gilroy-Regular.ttf */ = {isa = PBXFileReference; lastKnownFileType = file; path = "Gilroy-Regular.ttf"; sourceTree = "<group>"; };
		053190E529FEE4DE0072CE76 /* ProfitViewController.swift */ = {isa = PBXFileReference; lastKnownFileType = sourcecode.swift; path = ProfitViewController.swift; sourceTree = "<group>"; };
		053190E729FEE4EC0072CE76 /* GoalViewController.swift */ = {isa = PBXFileReference; lastKnownFileType = sourcecode.swift; path = GoalViewController.swift; sourceTree = "<group>"; };
		053190E929FEE4F80072CE76 /* MoveViewController.swift */ = {isa = PBXFileReference; lastKnownFileType = sourcecode.swift; path = MoveViewController.swift; sourceTree = "<group>"; };
		053190EB29FEE5190072CE76 /* TransactionViewController.swift */ = {isa = PBXFileReference; lastKnownFileType = sourcecode.swift; path = TransactionViewController.swift; sourceTree = "<group>"; };
		053190ED29FEE7C90072CE76 /* ArticleViewController.swift */ = {isa = PBXFileReference; lastKnownFileType = sourcecode.swift; path = ArticleViewController.swift; sourceTree = "<group>"; };
		055CC0F62A28ABB80000200A /* Signup4ViewController.swift */ = {isa = PBXFileReference; lastKnownFileType = sourcecode.swift; path = Signup4ViewController.swift; sourceTree = "<group>"; };
		0564B2432B5FEF0E001ECCF0 /* DeviceViewController.swift */ = {isa = PBXFileReference; lastKnownFileType = sourcecode.swift; path = DeviceViewController.swift; sourceTree = "<group>"; };
		0577C3F82AFA28180047A3DC /* BittrService.swift */ = {isa = PBXFileReference; lastKnownFileType = sourcecode.swift; path = BittrService.swift; sourceTree = "<group>"; };
		0579B2702A0530F80007891F /* SendViewController.swift */ = {isa = PBXFileReference; lastKnownFileType = sourcecode.swift; path = SendViewController.swift; sourceTree = "<group>"; };
		0579B2722A0531470007891F /* ReceiveViewController.swift */ = {isa = PBXFileReference; lastKnownFileType = sourcecode.swift; path = ReceiveViewController.swift; sourceTree = "<group>"; };
		057A01502A836B1900CA0747 /* BitcoinViewModel.swift */ = {isa = PBXFileReference; lastKnownFileType = sourcecode.swift; path = BitcoinViewModel.swift; sourceTree = "<group>"; };
		057E6E882A14DBAC00B37026 /* OneArticleTableViewCell.swift */ = {isa = PBXFileReference; lastKnownFileType = sourcecode.swift; path = OneArticleTableViewCell.swift; sourceTree = "<group>"; };
		057E6E8A2A14DDBC00B37026 /* Article.swift */ = {isa = PBXFileReference; lastKnownFileType = sourcecode.swift; path = Article.swift; sourceTree = "<group>"; };
		0595AB082B2EE7E900375498 /* WebsiteViewController.swift */ = {isa = PBXFileReference; lastKnownFileType = sourcecode.swift; path = WebsiteViewController.swift; sourceTree = "<group>"; };
		05980B512A46F76E001F312F /* IbanEntity.swift */ = {isa = PBXFileReference; lastKnownFileType = sourcecode.swift; path = IbanEntity.swift; sourceTree = "<group>"; };
		05980B532A46F7E4001F312F /* Client.swift */ = {isa = PBXFileReference; lastKnownFileType = sourcecode.swift; path = Client.swift; sourceTree = "<group>"; };
		05980B552A46F892001F312F /* Device.swift */ = {isa = PBXFileReference; lastKnownFileType = sourcecode.swift; path = Device.swift; sourceTree = "<group>"; };
		05980B572A46F8DA001F312F /* CacheManager.swift */ = {isa = PBXFileReference; lastKnownFileType = sourcecode.swift; path = CacheManager.swift; sourceTree = "<group>"; };
		05A2241029E6C98100F9861F /* HomeViewController.swift */ = {isa = PBXFileReference; lastKnownFileType = sourcecode.swift; path = HomeViewController.swift; sourceTree = "<group>"; };
		05A2241229E6E56500F9861F /* GraphView.swift */ = {isa = PBXFileReference; lastKnownFileType = sourcecode.swift; path = GraphView.swift; sourceTree = "<group>"; };
		05A965BF2A6FBDDA00265BE6 /* AddressViewModel.swift */ = {isa = PBXFileReference; lastKnownFileType = sourcecode.swift; path = AddressViewModel.swift; sourceTree = "<group>"; };
		05A965C12A6FBE1F00265BE6 /* MondayError.swift */ = {isa = PBXFileReference; lastKnownFileType = sourcecode.swift; path = MondayError.swift; sourceTree = "<group>"; };
		05A965C32A6FC58000265BE6 /* NodeIDViewModel.swift */ = {isa = PBXFileReference; lastKnownFileType = sourcecode.swift; path = NodeIDViewModel.swift; sourceTree = "<group>"; };
		05BFCEB62A3B113E00565E2A /* Transfer15ViewController.swift */ = {isa = PBXFileReference; lastKnownFileType = sourcecode.swift; path = Transfer15ViewController.swift; sourceTree = "<group>"; };
		05BFCEB82A3B1A1100565E2A /* RegisterIbanViewController.swift */ = {isa = PBXFileReference; lastKnownFileType = sourcecode.swift; path = RegisterIbanViewController.swift; sourceTree = "<group>"; };
		05C3C08129CCB55600C1E695 /* bittr.app */ = {isa = PBXFileReference; explicitFileType = wrapper.application; includeInIndex = 0; path = bittr.app; sourceTree = BUILT_PRODUCTS_DIR; };
		05C3C08429CCB55600C1E695 /* AppDelegate.swift */ = {isa = PBXFileReference; lastKnownFileType = sourcecode.swift; path = AppDelegate.swift; sourceTree = "<group>"; };
		05C3C08629CCB55600C1E695 /* SceneDelegate.swift */ = {isa = PBXFileReference; lastKnownFileType = sourcecode.swift; path = SceneDelegate.swift; sourceTree = "<group>"; };
		05C3C08829CCB55600C1E695 /* ViewController.swift */ = {isa = PBXFileReference; lastKnownFileType = sourcecode.swift; path = ViewController.swift; sourceTree = "<group>"; };
		05C3C08B29CCB55600C1E695 /* Base */ = {isa = PBXFileReference; lastKnownFileType = file.storyboard; name = Base; path = Base.lproj/Main.storyboard; sourceTree = "<group>"; };
		05C3C08D29CCB55800C1E695 /* Assets.xcassets */ = {isa = PBXFileReference; lastKnownFileType = folder.assetcatalog; path = Assets.xcassets; sourceTree = "<group>"; };
		05C3C09029CCB55800C1E695 /* Base */ = {isa = PBXFileReference; lastKnownFileType = file.storyboard; name = Base; path = Base.lproj/LaunchScreen.storyboard; sourceTree = "<group>"; };
		05C3C09229CCB55800C1E695 /* Info.plist */ = {isa = PBXFileReference; lastKnownFileType = text.plist.xml; path = Info.plist; sourceTree = "<group>"; };
		05C3C09729CCB55800C1E695 /* bittrTests.xctest */ = {isa = PBXFileReference; explicitFileType = wrapper.cfbundle; includeInIndex = 0; path = bittrTests.xctest; sourceTree = BUILT_PRODUCTS_DIR; };
		05C3C09B29CCB55800C1E695 /* bittrTests.swift */ = {isa = PBXFileReference; lastKnownFileType = sourcecode.swift; path = bittrTests.swift; sourceTree = "<group>"; };
		05C3C0A129CCB55800C1E695 /* bittrUITests.xctest */ = {isa = PBXFileReference; explicitFileType = wrapper.cfbundle; includeInIndex = 0; path = bittrUITests.xctest; sourceTree = BUILT_PRODUCTS_DIR; };
		05C3C0A529CCB55800C1E695 /* bittrUITests.swift */ = {isa = PBXFileReference; lastKnownFileType = sourcecode.swift; path = bittrUITests.swift; sourceTree = "<group>"; };
		05C3C0A729CCB55800C1E695 /* bittrUITestsLaunchTests.swift */ = {isa = PBXFileReference; lastKnownFileType = sourcecode.swift; path = bittrUITestsLaunchTests.swift; sourceTree = "<group>"; };
		05C3C0B529CCBFED00C1E695 /* CoreViewController.swift */ = {isa = PBXFileReference; lastKnownFileType = sourcecode.swift; path = CoreViewController.swift; sourceTree = "<group>"; };
		05C3C0B729CCC75600C1E695 /* Montserrat-Regular.ttf */ = {isa = PBXFileReference; lastKnownFileType = file; path = "Montserrat-Regular.ttf"; sourceTree = "<group>"; };
		05C3C0B929CCC76100C1E695 /* Montserrat-Bold.ttf */ = {isa = PBXFileReference; lastKnownFileType = file; path = "Montserrat-Bold.ttf"; sourceTree = "<group>"; };
		05C3C0BB29CE75FA00C1E695 /* BlurEffectViewLight.swift */ = {isa = PBXFileReference; lastKnownFileType = sourcecode.swift; path = BlurEffectViewLight.swift; sourceTree = "<group>"; };
		05C5A0EC2A33252C004CC671 /* Transfer1ViewController.swift */ = {isa = PBXFileReference; lastKnownFileType = sourcecode.swift; path = Transfer1ViewController.swift; sourceTree = "<group>"; };
		05C5A0EE2A334E30004CC671 /* Transfer2ViewController.swift */ = {isa = PBXFileReference; lastKnownFileType = sourcecode.swift; path = Transfer2ViewController.swift; sourceTree = "<group>"; };
		05C811222B37107700DEFBB1 /* LightningPaymentViewController.swift */ = {isa = PBXFileReference; lastKnownFileType = sourcecode.swift; path = LightningPaymentViewController.swift; sourceTree = "<group>"; };
		05CF93392A1E711B0084A221 /* Signup3ViewController.swift */ = {isa = PBXFileReference; lastKnownFileType = sourcecode.swift; path = Signup3ViewController.swift; sourceTree = "<group>"; };
		05D5D0E62A66825000A1E771 /* LightningNodeService.swift */ = {isa = PBXFileReference; lastKnownFileType = sourcecode.swift; path = LightningNodeService.swift; sourceTree = "<group>"; };
		05D5D0E92A66836300A1E771 /* LightningStorage.swift */ = {isa = PBXFileReference; lastKnownFileType = sourcecode.swift; path = LightningStorage.swift; sourceTree = "<group>"; };
		05D5D0EB2A66843B00A1E771 /* FileManager+Extensions.swift */ = {isa = PBXFileReference; lastKnownFileType = sourcecode.swift; path = "FileManager+Extensions.swift"; sourceTree = "<group>"; };
		05D5D0ED2A66852D00A1E771 /* Constants.swift */ = {isa = PBXFileReference; lastKnownFileType = sourcecode.swift; path = Constants.swift; sourceTree = "<group>"; };
		05E299592A39CB3700FA0AEE /* IbanCollectionViewCell.swift */ = {isa = PBXFileReference; lastKnownFileType = sourcecode.swift; path = IbanCollectionViewCell.swift; sourceTree = "<group>"; };
		05E7434E2A357AB6007755A2 /* Transfer3ViewController.swift */ = {isa = PBXFileReference; lastKnownFileType = sourcecode.swift; path = Transfer3ViewController.swift; sourceTree = "<group>"; };
		05E743502A3581F9007755A2 /* RestoreViewController.swift */ = {isa = PBXFileReference; lastKnownFileType = sourcecode.swift; path = RestoreViewController.swift; sourceTree = "<group>"; };
		05ECDAAA2B249768002A410D /* bittr.entitlements */ = {isa = PBXFileReference; lastKnownFileType = text.plist.entitlements; path = bittr.entitlements; sourceTree = "<group>"; };
		05F8DC5629EEBFA1008052B5 /* HistoryTableViewCell.swift */ = {isa = PBXFileReference; lastKnownFileType = sourcecode.swift; path = HistoryTableViewCell.swift; sourceTree = "<group>"; };
		05F8DC5A29F2B45F008052B5 /* InfoViewController.swift */ = {isa = PBXFileReference; lastKnownFileType = sourcecode.swift; path = InfoViewController.swift; sourceTree = "<group>"; };
		05F8DC5C29F2B46A008052B5 /* SettingsViewController.swift */ = {isa = PBXFileReference; lastKnownFileType = sourcecode.swift; path = SettingsViewController.swift; sourceTree = "<group>"; };
		05F8DC5E29F2E212008052B5 /* ArticleTableViewCell.swift */ = {isa = PBXFileReference; lastKnownFileType = sourcecode.swift; path = ArticleTableViewCell.swift; sourceTree = "<group>"; };
		05FD58C02A28C6CC00CDFEF9 /* Signup5ViewController.swift */ = {isa = PBXFileReference; lastKnownFileType = sourcecode.swift; path = Signup5ViewController.swift; sourceTree = "<group>"; };
		05FD58C22A28DF3A00CDFEF9 /* Signup6ViewController.swift */ = {isa = PBXFileReference; lastKnownFileType = sourcecode.swift; path = Signup6ViewController.swift; sourceTree = "<group>"; };
		05FD58C42A2A0B0E00CDFEF9 /* Signup7ViewController.swift */ = {isa = PBXFileReference; lastKnownFileType = sourcecode.swift; path = Signup7ViewController.swift; sourceTree = "<group>"; };
/* End PBXFileReference section */

/* Begin PBXFrameworksBuildPhase section */
		05C3C07E29CCB55600C1E695 /* Frameworks */ = {
			isa = PBXFrameworksBuildPhase;
			buildActionMask = 2147483647;
			files = (
				05D4E9C92B32E92A008823D7 /* LightningDevKit in Frameworks */,
				05D5D0E52A667BC500A1E771 /* LDKNode in Frameworks */,
				05D5D0E22A66796B00A1E771 /* KeychainSwift in Frameworks */,
				05D5D0DF2A66790400A1E771 /* CodeScanner in Frameworks */,
				05D5D0DC2A6677EF00A1E771 /* BitcoinDevKit in Frameworks */,
			);
			runOnlyForDeploymentPostprocessing = 0;
		};
		05C3C09429CCB55800C1E695 /* Frameworks */ = {
			isa = PBXFrameworksBuildPhase;
			buildActionMask = 2147483647;
			files = (
			);
			runOnlyForDeploymentPostprocessing = 0;
		};
		05C3C09E29CCB55800C1E695 /* Frameworks */ = {
			isa = PBXFrameworksBuildPhase;
			buildActionMask = 2147483647;
			files = (
			);
			runOnlyForDeploymentPostprocessing = 0;
		};
/* End PBXFrameworksBuildPhase section */

/* Begin PBXGroup section */
		050B4BAF2A1BBB6400563F29 /* Signup */ = {
			isa = PBXGroup;
			children = (
				050B4BB02A1BBB9600563F29 /* SignupViewController.swift */,
				050B4BB22A1BBD5F00563F29 /* Signup1ViewController.swift */,
				050B4BB42A1BC96300563F29 /* Signup2ViewController.swift */,
				05CF93392A1E711B0084A221 /* Signup3ViewController.swift */,
				055CC0F62A28ABB80000200A /* Signup4ViewController.swift */,
				05FD58C02A28C6CC00CDFEF9 /* Signup5ViewController.swift */,
				05FD58C22A28DF3A00CDFEF9 /* Signup6ViewController.swift */,
				05FD58C42A2A0B0E00CDFEF9 /* Signup7ViewController.swift */,
				05C5A0EC2A33252C004CC671 /* Transfer1ViewController.swift */,
				05BFCEB62A3B113E00565E2A /* Transfer15ViewController.swift */,
				05C5A0EE2A334E30004CC671 /* Transfer2ViewController.swift */,
				05E7434E2A357AB6007755A2 /* Transfer3ViewController.swift */,
				05E743502A3581F9007755A2 /* RestoreViewController.swift */,
				051D77902A9DF8E3002107C0 /* Restore2ViewController.swift */,
				051D77922A9DFCCE002107C0 /* Restore3ViewController.swift */,
			);
			path = Signup;
			sourceTree = "<group>";
		};
		0579B26F2A0530DB0007891F /* Move */ = {
			isa = PBXGroup;
			children = (
				053190E929FEE4F80072CE76 /* MoveViewController.swift */,
				0579B2702A0530F80007891F /* SendViewController.swift */,
				0579B2722A0531470007891F /* ReceiveViewController.swift */,
			);
			path = Move;
			sourceTree = "<group>";
		};
		05A2240F29E6C97000F9861F /* Home */ = {
			isa = PBXGroup;
			children = (
				05A2241029E6C98100F9861F /* HomeViewController.swift */,
				05A2241229E6E56500F9861F /* GraphView.swift */,
				05F8DC5629EEBFA1008052B5 /* HistoryTableViewCell.swift */,
				053190E529FEE4DE0072CE76 /* ProfitViewController.swift */,
				053190EB29FEE5190072CE76 /* TransactionViewController.swift */,
				051D778E2A9DEAC8002107C0 /* PinViewController.swift */,
				052DC6922AA853B700CD59B0 /* Transaction.swift */,
				05C811222B37107700DEFBB1 /* LightningPaymentViewController.swift */,
			);
			path = Home;
			sourceTree = "<group>";
		};
		05C3C07829CCB55600C1E695 = {
			isa = PBXGroup;
			children = (
				05C3C0B729CCC75600C1E695 /* Montserrat-Regular.ttf */,
				05C3C0B929CCC76100C1E695 /* Montserrat-Bold.ttf */,
				053190DD29FD60EA0072CE76 /* Syne-Regular.ttf */,
				053190E129FD658F0072CE76 /* Gilroy-Bold.ttf */,
				053190E329FD659A0072CE76 /* Gilroy-Regular.ttf */,
				05C3C08329CCB55600C1E695 /* bittr */,
				05C3C09A29CCB55800C1E695 /* bittrTests */,
				05C3C0A429CCB55800C1E695 /* bittrUITests */,
				05C3C08229CCB55600C1E695 /* Products */,
			);
			sourceTree = "<group>";
		};
		05C3C08229CCB55600C1E695 /* Products */ = {
			isa = PBXGroup;
			children = (
				05C3C08129CCB55600C1E695 /* bittr.app */,
				05C3C09729CCB55800C1E695 /* bittrTests.xctest */,
				05C3C0A129CCB55800C1E695 /* bittrUITests.xctest */,
			);
			name = Products;
			sourceTree = "<group>";
		};
		05C3C08329CCB55600C1E695 /* bittr */ = {
			isa = PBXGroup;
			children = (
				05ECDAAA2B249768002A410D /* bittr.entitlements */,
				05C3C0B429CCBFDD00C1E695 /* Core */,
				050B4BAF2A1BBB6400563F29 /* Signup */,
				05A2240F29E6C97000F9861F /* Home */,
				05E299582A39CB1200FA0AEE /* Buy */,
				0579B26F2A0530DB0007891F /* Move */,
				05F8DC5829F2B436008052B5 /* Info */,
				05F8DC5929F2B449008052B5 /* Settings */,
				05C3C08429CCB55600C1E695 /* AppDelegate.swift */,
				05C3C08629CCB55600C1E695 /* SceneDelegate.swift */,
				05C3C08829CCB55600C1E695 /* ViewController.swift */,
				05C3C08A29CCB55600C1E695 /* Main.storyboard */,
				05C3C08D29CCB55800C1E695 /* Assets.xcassets */,
				05C3C08F29CCB55800C1E695 /* LaunchScreen.storyboard */,
				05C3C09229CCB55800C1E695 /* Info.plist */,
			);
			path = bittr;
			sourceTree = "<group>";
		};
		05C3C09A29CCB55800C1E695 /* bittrTests */ = {
			isa = PBXGroup;
			children = (
				05C3C09B29CCB55800C1E695 /* bittrTests.swift */,
			);
			path = bittrTests;
			sourceTree = "<group>";
		};
		05C3C0A429CCB55800C1E695 /* bittrUITests */ = {
			isa = PBXGroup;
			children = (
				05C3C0A529CCB55800C1E695 /* bittrUITests.swift */,
				05C3C0A729CCB55800C1E695 /* bittrUITestsLaunchTests.swift */,
			);
			path = bittrUITests;
			sourceTree = "<group>";
		};
		05C3C0B429CCBFDD00C1E695 /* Core */ = {
			isa = PBXGroup;
			children = (
				05D5D0E82A66835300A1E771 /* Lightning */,
				05C3C0B529CCBFED00C1E695 /* CoreViewController.swift */,
				05C3C0BB29CE75FA00C1E695 /* BlurEffectViewLight.swift */,
				05980B552A46F892001F312F /* Device.swift */,
				05980B532A46F7E4001F312F /* Client.swift */,
				05980B512A46F76E001F312F /* IbanEntity.swift */,
				05980B572A46F8DA001F312F /* CacheManager.swift */,
				0577C3F82AFA28180047A3DC /* BittrService.swift */,
				051BE0872B641D41009CED5B /* Reachability.swift */,
			);
			path = Core;
			sourceTree = "<group>";
		};
		05D5D0E82A66835300A1E771 /* Lightning */ = {
			isa = PBXGroup;
			children = (
				05D5D0E62A66825000A1E771 /* LightningNodeService.swift */,
				05D5D0E92A66836300A1E771 /* LightningStorage.swift */,
				05D5D0EB2A66843B00A1E771 /* FileManager+Extensions.swift */,
				05D5D0ED2A66852D00A1E771 /* Constants.swift */,
				05A965BF2A6FBDDA00265BE6 /* AddressViewModel.swift */,
				05A965C12A6FBE1F00265BE6 /* MondayError.swift */,
				05A965C32A6FC58000265BE6 /* NodeIDViewModel.swift */,
				057A01502A836B1900CA0747 /* BitcoinViewModel.swift */,
			);
			path = Lightning;
			sourceTree = "<group>";
		};
		05E299582A39CB1200FA0AEE /* Buy */ = {
			isa = PBXGroup;
			children = (
				053190E729FEE4EC0072CE76 /* GoalViewController.swift */,
				05E299592A39CB3700FA0AEE /* IbanCollectionViewCell.swift */,
				05BFCEB82A3B1A1100565E2A /* RegisterIbanViewController.swift */,
			);
			path = Buy;
			sourceTree = "<group>";
		};
		05F8DC5829F2B436008052B5 /* Info */ = {
			isa = PBXGroup;
			children = (
				05F8DC5A29F2B45F008052B5 /* InfoViewController.swift */,
				05F8DC5E29F2E212008052B5 /* ArticleTableViewCell.swift */,
				052A2A832A0E604F00DE2FE4 /* ArticleCollectionViewCell.swift */,
				053190ED29FEE7C90072CE76 /* ArticleViewController.swift */,
				057E6E882A14DBAC00B37026 /* OneArticleTableViewCell.swift */,
				057E6E8A2A14DDBC00B37026 /* Article.swift */,
			);
			path = Info;
			sourceTree = "<group>";
		};
		05F8DC5929F2B449008052B5 /* Settings */ = {
			isa = PBXGroup;
			children = (
				05F8DC5C29F2B46A008052B5 /* SettingsViewController.swift */,
				050B4BAD2A16579D00563F29 /* SettingsTableViewCell.swift */,
				0595AB082B2EE7E900375498 /* WebsiteViewController.swift */,
				0564B2432B5FEF0E001ECCF0 /* DeviceViewController.swift */,
			);
			path = Settings;
			sourceTree = "<group>";
		};
/* End PBXGroup section */

/* Begin PBXNativeTarget section */
		05C3C08029CCB55600C1E695 /* bittr */ = {
			isa = PBXNativeTarget;
			buildConfigurationList = 05C3C0AB29CCB55800C1E695 /* Build configuration list for PBXNativeTarget "bittr" */;
			buildPhases = (
				05C3C07D29CCB55600C1E695 /* Sources */,
				05C3C07E29CCB55600C1E695 /* Frameworks */,
				05C3C07F29CCB55600C1E695 /* Resources */,
			);
			buildRules = (
			);
			dependencies = (
			);
			name = bittr;
			packageProductDependencies = (
				05D5D0DB2A6677EF00A1E771 /* BitcoinDevKit */,
				05D5D0DE2A66790400A1E771 /* CodeScanner */,
				05D5D0E12A66796B00A1E771 /* KeychainSwift */,
				05D5D0E42A667BC500A1E771 /* LDKNode */,
				05D4E9C82B32E92A008823D7 /* LightningDevKit */,
			);
			productName = bittr;
			productReference = 05C3C08129CCB55600C1E695 /* bittr.app */;
			productType = "com.apple.product-type.application";
		};
		05C3C09629CCB55800C1E695 /* bittrTests */ = {
			isa = PBXNativeTarget;
			buildConfigurationList = 05C3C0AE29CCB55800C1E695 /* Build configuration list for PBXNativeTarget "bittrTests" */;
			buildPhases = (
				05C3C09329CCB55800C1E695 /* Sources */,
				05C3C09429CCB55800C1E695 /* Frameworks */,
				05C3C09529CCB55800C1E695 /* Resources */,
			);
			buildRules = (
			);
			dependencies = (
				05C3C09929CCB55800C1E695 /* PBXTargetDependency */,
			);
			name = bittrTests;
			productName = bittrTests;
			productReference = 05C3C09729CCB55800C1E695 /* bittrTests.xctest */;
			productType = "com.apple.product-type.bundle.unit-test";
		};
		05C3C0A029CCB55800C1E695 /* bittrUITests */ = {
			isa = PBXNativeTarget;
			buildConfigurationList = 05C3C0B129CCB55800C1E695 /* Build configuration list for PBXNativeTarget "bittrUITests" */;
			buildPhases = (
				05C3C09D29CCB55800C1E695 /* Sources */,
				05C3C09E29CCB55800C1E695 /* Frameworks */,
				05C3C09F29CCB55800C1E695 /* Resources */,
			);
			buildRules = (
			);
			dependencies = (
				05C3C0A329CCB55800C1E695 /* PBXTargetDependency */,
			);
			name = bittrUITests;
			productName = bittrUITests;
			productReference = 05C3C0A129CCB55800C1E695 /* bittrUITests.xctest */;
			productType = "com.apple.product-type.bundle.ui-testing";
		};
/* End PBXNativeTarget section */

/* Begin PBXProject section */
		05C3C07929CCB55600C1E695 /* Project object */ = {
			isa = PBXProject;
			attributes = {
				BuildIndependentTargetsInParallel = 1;
				LastSwiftUpdateCheck = 1420;
				LastUpgradeCheck = 1420;
				TargetAttributes = {
					05C3C08029CCB55600C1E695 = {
						CreatedOnToolsVersion = 14.2;
					};
					05C3C09629CCB55800C1E695 = {
						CreatedOnToolsVersion = 14.2;
						TestTargetID = 05C3C08029CCB55600C1E695;
					};
					05C3C0A029CCB55800C1E695 = {
						CreatedOnToolsVersion = 14.2;
						TestTargetID = 05C3C08029CCB55600C1E695;
					};
				};
			};
			buildConfigurationList = 05C3C07C29CCB55600C1E695 /* Build configuration list for PBXProject "bittr" */;
			compatibilityVersion = "Xcode 14.0";
			developmentRegion = en;
			hasScannedForEncodings = 0;
			knownRegions = (
				en,
				Base,
			);
			mainGroup = 05C3C07829CCB55600C1E695;
			packageReferences = (
				05D5D0DA2A6677EF00A1E771 /* XCRemoteSwiftPackageReference "bdk-swift" */,
				05D5D0DD2A66790400A1E771 /* XCRemoteSwiftPackageReference "CodeScanner" */,
				05D5D0E02A66796B00A1E771 /* XCRemoteSwiftPackageReference "keychain-swift" */,
				05D5D0E32A667BC500A1E771 /* XCRemoteSwiftPackageReference "ldk-node" */,
				05D4E9C72B32E92A008823D7 /* XCRemoteSwiftPackageReference "ldk-swift" */,
			);
			productRefGroup = 05C3C08229CCB55600C1E695 /* Products */;
			projectDirPath = "";
			projectRoot = "";
			targets = (
				05C3C08029CCB55600C1E695 /* bittr */,
				05C3C09629CCB55800C1E695 /* bittrTests */,
				05C3C0A029CCB55800C1E695 /* bittrUITests */,
			);
		};
/* End PBXProject section */

/* Begin PBXResourcesBuildPhase section */
		05C3C07F29CCB55600C1E695 /* Resources */ = {
			isa = PBXResourcesBuildPhase;
			buildActionMask = 2147483647;
			files = (
				05C3C0BA29CCC76100C1E695 /* Montserrat-Bold.ttf in Resources */,
				05C3C0B829CCC75600C1E695 /* Montserrat-Regular.ttf in Resources */,
				05C3C09129CCB55800C1E695 /* LaunchScreen.storyboard in Resources */,
				053190E429FD659B0072CE76 /* Gilroy-Regular.ttf in Resources */,
				053190E229FD658F0072CE76 /* Gilroy-Bold.ttf in Resources */,
				05C3C08E29CCB55800C1E695 /* Assets.xcassets in Resources */,
				053190DE29FD60EA0072CE76 /* Syne-Regular.ttf in Resources */,
				05C3C08C29CCB55600C1E695 /* Main.storyboard in Resources */,
			);
			runOnlyForDeploymentPostprocessing = 0;
		};
		05C3C09529CCB55800C1E695 /* Resources */ = {
			isa = PBXResourcesBuildPhase;
			buildActionMask = 2147483647;
			files = (
			);
			runOnlyForDeploymentPostprocessing = 0;
		};
		05C3C09F29CCB55800C1E695 /* Resources */ = {
			isa = PBXResourcesBuildPhase;
			buildActionMask = 2147483647;
			files = (
			);
			runOnlyForDeploymentPostprocessing = 0;
		};
/* End PBXResourcesBuildPhase section */

/* Begin PBXSourcesBuildPhase section */
		05C3C07D29CCB55600C1E695 /* Sources */ = {
			isa = PBXSourcesBuildPhase;
			buildActionMask = 2147483647;
			files = (
				05C3C08929CCB55600C1E695 /* ViewController.swift in Sources */,
				05C3C08529CCB55600C1E695 /* AppDelegate.swift in Sources */,
				05F8DC5729EEBFA1008052B5 /* HistoryTableViewCell.swift in Sources */,
				05E7434F2A357AB6007755A2 /* Transfer3ViewController.swift in Sources */,
				053190E829FEE4EC0072CE76 /* GoalViewController.swift in Sources */,
				05F8DC5D29F2B46A008052B5 /* SettingsViewController.swift in Sources */,
				053190E629FEE4DE0072CE76 /* ProfitViewController.swift in Sources */,
				05E743512A3581F9007755A2 /* RestoreViewController.swift in Sources */,
				051D778F2A9DEAC8002107C0 /* PinViewController.swift in Sources */,
				05D5D0E72A66825000A1E771 /* LightningNodeService.swift in Sources */,
				05CF933A2A1E711B0084A221 /* Signup3ViewController.swift in Sources */,
				050B4BAE2A16579D00563F29 /* SettingsTableViewCell.swift in Sources */,
				05FD58C52A2A0B0E00CDFEF9 /* Signup7ViewController.swift in Sources */,
				05FD58C12A28C6CC00CDFEF9 /* Signup5ViewController.swift in Sources */,
				05A2241329E6E56500F9861F /* GraphView.swift in Sources */,
				05F8DC5F29F2E212008052B5 /* ArticleTableViewCell.swift in Sources */,
				05A965C02A6FBDDA00265BE6 /* AddressViewModel.swift in Sources */,
				0564B2442B5FEF0E001ECCF0 /* DeviceViewController.swift in Sources */,
				05FD58C32A28DF3A00CDFEF9 /* Signup6ViewController.swift in Sources */,
				050B4BB52A1BC96300563F29 /* Signup2ViewController.swift in Sources */,
				051D77912A9DF8E3002107C0 /* Restore2ViewController.swift in Sources */,
				05C5A0EF2A334E30004CC671 /* Transfer2ViewController.swift in Sources */,
				05F8DC5B29F2B45F008052B5 /* InfoViewController.swift in Sources */,
				057E6E892A14DBAC00B37026 /* OneArticleTableViewCell.swift in Sources */,
				05C5A0ED2A33252C004CC671 /* Transfer1ViewController.swift in Sources */,
				052A2A842A0E604F00DE2FE4 /* ArticleCollectionViewCell.swift in Sources */,
				050B4BB32A1BBD5F00563F29 /* Signup1ViewController.swift in Sources */,
				053190EE29FEE7C90072CE76 /* ArticleViewController.swift in Sources */,
				05A965C22A6FBE1F00265BE6 /* MondayError.swift in Sources */,
				05E2995A2A39CB3700FA0AEE /* IbanCollectionViewCell.swift in Sources */,
				05D5D0EC2A66843B00A1E771 /* FileManager+Extensions.swift in Sources */,
				05BFCEB92A3B1A1100565E2A /* RegisterIbanViewController.swift in Sources */,
				0579B2732A0531470007891F /* ReceiveViewController.swift in Sources */,
				05980B582A46F8DA001F312F /* CacheManager.swift in Sources */,
				0577C3F92AFA28180047A3DC /* BittrService.swift in Sources */,
				05A965C42A6FC58000265BE6 /* NodeIDViewModel.swift in Sources */,
				051BE0882B641D41009CED5B /* Reachability.swift in Sources */,
				05C3C08729CCB55600C1E695 /* SceneDelegate.swift in Sources */,
				057E6E8B2A14DDBC00B37026 /* Article.swift in Sources */,
				053190EC29FEE5190072CE76 /* TransactionViewController.swift in Sources */,
				05C3C0BC29CE75FA00C1E695 /* BlurEffectViewLight.swift in Sources */,
				05980B522A46F76E001F312F /* IbanEntity.swift in Sources */,
				05C811232B37107700DEFBB1 /* LightningPaymentViewController.swift in Sources */,
				0595AB092B2EE7E900375498 /* WebsiteViewController.swift in Sources */,
				055CC0F72A28ABB80000200A /* Signup4ViewController.swift in Sources */,
				052DC6932AA853B700CD59B0 /* Transaction.swift in Sources */,
				05D5D0EE2A66852D00A1E771 /* Constants.swift in Sources */,
				051D77932A9DFCCE002107C0 /* Restore3ViewController.swift in Sources */,
				05980B542A46F7E4001F312F /* Client.swift in Sources */,
				05BFCEB72A3B113E00565E2A /* Transfer15ViewController.swift in Sources */,
				053190EA29FEE4F80072CE76 /* MoveViewController.swift in Sources */,
				05C3C0B629CCBFED00C1E695 /* CoreViewController.swift in Sources */,
				057A01512A836B1900CA0747 /* BitcoinViewModel.swift in Sources */,
				05D5D0EA2A66836300A1E771 /* LightningStorage.swift in Sources */,
				0579B2712A0530F80007891F /* SendViewController.swift in Sources */,
				050B4BB12A1BBB9600563F29 /* SignupViewController.swift in Sources */,
				05A2241129E6C98100F9861F /* HomeViewController.swift in Sources */,
				05980B562A46F892001F312F /* Device.swift in Sources */,
			);
			runOnlyForDeploymentPostprocessing = 0;
		};
		05C3C09329CCB55800C1E695 /* Sources */ = {
			isa = PBXSourcesBuildPhase;
			buildActionMask = 2147483647;
			files = (
				05C3C09C29CCB55800C1E695 /* bittrTests.swift in Sources */,
			);
			runOnlyForDeploymentPostprocessing = 0;
		};
		05C3C09D29CCB55800C1E695 /* Sources */ = {
			isa = PBXSourcesBuildPhase;
			buildActionMask = 2147483647;
			files = (
				05C3C0A829CCB55800C1E695 /* bittrUITestsLaunchTests.swift in Sources */,
				05C3C0A629CCB55800C1E695 /* bittrUITests.swift in Sources */,
			);
			runOnlyForDeploymentPostprocessing = 0;
		};
/* End PBXSourcesBuildPhase section */

/* Begin PBXTargetDependency section */
		05C3C09929CCB55800C1E695 /* PBXTargetDependency */ = {
			isa = PBXTargetDependency;
			target = 05C3C08029CCB55600C1E695 /* bittr */;
			targetProxy = 05C3C09829CCB55800C1E695 /* PBXContainerItemProxy */;
		};
		05C3C0A329CCB55800C1E695 /* PBXTargetDependency */ = {
			isa = PBXTargetDependency;
			target = 05C3C08029CCB55600C1E695 /* bittr */;
			targetProxy = 05C3C0A229CCB55800C1E695 /* PBXContainerItemProxy */;
		};
/* End PBXTargetDependency section */

/* Begin PBXVariantGroup section */
		05C3C08A29CCB55600C1E695 /* Main.storyboard */ = {
			isa = PBXVariantGroup;
			children = (
				05C3C08B29CCB55600C1E695 /* Base */,
			);
			name = Main.storyboard;
			sourceTree = "<group>";
		};
		05C3C08F29CCB55800C1E695 /* LaunchScreen.storyboard */ = {
			isa = PBXVariantGroup;
			children = (
				05C3C09029CCB55800C1E695 /* Base */,
			);
			name = LaunchScreen.storyboard;
			sourceTree = "<group>";
		};
/* End PBXVariantGroup section */

/* Begin XCBuildConfiguration section */
		05C3C0A929CCB55800C1E695 /* Debug */ = {
			isa = XCBuildConfiguration;
			buildSettings = {
				ALWAYS_SEARCH_USER_PATHS = NO;
				CLANG_ANALYZER_NONNULL = YES;
				CLANG_ANALYZER_NUMBER_OBJECT_CONVERSION = YES_AGGRESSIVE;
				CLANG_CXX_LANGUAGE_STANDARD = "gnu++20";
				CLANG_ENABLE_MODULES = YES;
				CLANG_ENABLE_OBJC_ARC = YES;
				CLANG_ENABLE_OBJC_WEAK = YES;
				CLANG_WARN_BLOCK_CAPTURE_AUTORELEASING = YES;
				CLANG_WARN_BOOL_CONVERSION = YES;
				CLANG_WARN_COMMA = YES;
				CLANG_WARN_CONSTANT_CONVERSION = YES;
				CLANG_WARN_DEPRECATED_OBJC_IMPLEMENTATIONS = YES;
				CLANG_WARN_DIRECT_OBJC_ISA_USAGE = YES_ERROR;
				CLANG_WARN_DOCUMENTATION_COMMENTS = YES;
				CLANG_WARN_EMPTY_BODY = YES;
				CLANG_WARN_ENUM_CONVERSION = YES;
				CLANG_WARN_INFINITE_RECURSION = YES;
				CLANG_WARN_INT_CONVERSION = YES;
				CLANG_WARN_NON_LITERAL_NULL_CONVERSION = YES;
				CLANG_WARN_OBJC_IMPLICIT_RETAIN_SELF = YES;
				CLANG_WARN_OBJC_LITERAL_CONVERSION = YES;
				CLANG_WARN_OBJC_ROOT_CLASS = YES_ERROR;
				CLANG_WARN_QUOTED_INCLUDE_IN_FRAMEWORK_HEADER = YES;
				CLANG_WARN_RANGE_LOOP_ANALYSIS = YES;
				CLANG_WARN_STRICT_PROTOTYPES = YES;
				CLANG_WARN_SUSPICIOUS_MOVE = YES;
				CLANG_WARN_UNGUARDED_AVAILABILITY = YES_AGGRESSIVE;
				CLANG_WARN_UNREACHABLE_CODE = YES;
				CLANG_WARN__DUPLICATE_METHOD_MATCH = YES;
				COPY_PHASE_STRIP = NO;
				DEBUG_INFORMATION_FORMAT = dwarf;
				ENABLE_STRICT_OBJC_MSGSEND = YES;
				ENABLE_TESTABILITY = YES;
				GCC_C_LANGUAGE_STANDARD = gnu11;
				GCC_DYNAMIC_NO_PIC = NO;
				GCC_NO_COMMON_BLOCKS = YES;
				GCC_OPTIMIZATION_LEVEL = 0;
				GCC_PREPROCESSOR_DEFINITIONS = (
					"DEBUG=1",
					"$(inherited)",
				);
				GCC_WARN_64_TO_32_BIT_CONVERSION = YES;
				GCC_WARN_ABOUT_RETURN_TYPE = YES_ERROR;
				GCC_WARN_UNDECLARED_SELECTOR = YES;
				GCC_WARN_UNINITIALIZED_AUTOS = YES_AGGRESSIVE;
				GCC_WARN_UNUSED_FUNCTION = YES;
				GCC_WARN_UNUSED_VARIABLE = YES;
				IPHONEOS_DEPLOYMENT_TARGET = 16.2;
				MTL_ENABLE_DEBUG_INFO = INCLUDE_SOURCE;
				MTL_FAST_MATH = YES;
				ONLY_ACTIVE_ARCH = YES;
				SDKROOT = iphoneos;
				SWIFT_ACTIVE_COMPILATION_CONDITIONS = DEBUG;
				SWIFT_OPTIMIZATION_LEVEL = "-Onone";
			};
			name = Debug;
		};
		05C3C0AA29CCB55800C1E695 /* Release */ = {
			isa = XCBuildConfiguration;
			buildSettings = {
				ALWAYS_SEARCH_USER_PATHS = NO;
				CLANG_ANALYZER_NONNULL = YES;
				CLANG_ANALYZER_NUMBER_OBJECT_CONVERSION = YES_AGGRESSIVE;
				CLANG_CXX_LANGUAGE_STANDARD = "gnu++20";
				CLANG_ENABLE_MODULES = YES;
				CLANG_ENABLE_OBJC_ARC = YES;
				CLANG_ENABLE_OBJC_WEAK = YES;
				CLANG_WARN_BLOCK_CAPTURE_AUTORELEASING = YES;
				CLANG_WARN_BOOL_CONVERSION = YES;
				CLANG_WARN_COMMA = YES;
				CLANG_WARN_CONSTANT_CONVERSION = YES;
				CLANG_WARN_DEPRECATED_OBJC_IMPLEMENTATIONS = YES;
				CLANG_WARN_DIRECT_OBJC_ISA_USAGE = YES_ERROR;
				CLANG_WARN_DOCUMENTATION_COMMENTS = YES;
				CLANG_WARN_EMPTY_BODY = YES;
				CLANG_WARN_ENUM_CONVERSION = YES;
				CLANG_WARN_INFINITE_RECURSION = YES;
				CLANG_WARN_INT_CONVERSION = YES;
				CLANG_WARN_NON_LITERAL_NULL_CONVERSION = YES;
				CLANG_WARN_OBJC_IMPLICIT_RETAIN_SELF = YES;
				CLANG_WARN_OBJC_LITERAL_CONVERSION = YES;
				CLANG_WARN_OBJC_ROOT_CLASS = YES_ERROR;
				CLANG_WARN_QUOTED_INCLUDE_IN_FRAMEWORK_HEADER = YES;
				CLANG_WARN_RANGE_LOOP_ANALYSIS = YES;
				CLANG_WARN_STRICT_PROTOTYPES = YES;
				CLANG_WARN_SUSPICIOUS_MOVE = YES;
				CLANG_WARN_UNGUARDED_AVAILABILITY = YES_AGGRESSIVE;
				CLANG_WARN_UNREACHABLE_CODE = YES;
				CLANG_WARN__DUPLICATE_METHOD_MATCH = YES;
				COPY_PHASE_STRIP = NO;
				DEBUG_INFORMATION_FORMAT = "dwarf-with-dsym";
				ENABLE_NS_ASSERTIONS = NO;
				ENABLE_STRICT_OBJC_MSGSEND = YES;
				GCC_C_LANGUAGE_STANDARD = gnu11;
				GCC_NO_COMMON_BLOCKS = YES;
				GCC_WARN_64_TO_32_BIT_CONVERSION = YES;
				GCC_WARN_ABOUT_RETURN_TYPE = YES_ERROR;
				GCC_WARN_UNDECLARED_SELECTOR = YES;
				GCC_WARN_UNINITIALIZED_AUTOS = YES_AGGRESSIVE;
				GCC_WARN_UNUSED_FUNCTION = YES;
				GCC_WARN_UNUSED_VARIABLE = YES;
				IPHONEOS_DEPLOYMENT_TARGET = 16.2;
				MTL_ENABLE_DEBUG_INFO = NO;
				MTL_FAST_MATH = YES;
				SDKROOT = iphoneos;
				SWIFT_COMPILATION_MODE = wholemodule;
				SWIFT_OPTIMIZATION_LEVEL = "-O";
				VALIDATE_PRODUCT = YES;
			};
			name = Release;
		};
		05C3C0AC29CCB55800C1E695 /* Debug */ = {
			isa = XCBuildConfiguration;
			buildSettings = {
				ASSETCATALOG_COMPILER_APPICON_NAME = AppIcon;
				ASSETCATALOG_COMPILER_GLOBAL_ACCENT_COLOR_NAME = AccentColor;
				CODE_SIGN_ENTITLEMENTS = bittr/bittr.entitlements;
				CODE_SIGN_STYLE = Automatic;
				CURRENT_PROJECT_VERSION = 53;
				DEVELOPMENT_TEAM = 86MNNX5ZSA;
				GENERATE_INFOPLIST_FILE = YES;
				INFOPLIST_FILE = bittr/Info.plist;
				INFOPLIST_KEY_CFBundleDisplayName = bittr;
				INFOPLIST_KEY_LSApplicationCategoryType = "public.app-category.finance";
				INFOPLIST_KEY_NSCameraUsageDescription = "Allow bittr to scan a QR code.";
				INFOPLIST_KEY_NSPhotoLibraryAddUsageDescription = "Allow bittr to add this screenshot to your Photo Library.";
				INFOPLIST_KEY_UIApplicationSupportsIndirectInputEvents = YES;
				INFOPLIST_KEY_UILaunchStoryboardName = LaunchScreen;
				INFOPLIST_KEY_UIMainStoryboardFile = Main;
				INFOPLIST_KEY_UIRequiresFullScreen = YES;
				INFOPLIST_KEY_UISupportedInterfaceOrientations = UIInterfaceOrientationPortrait;
				INFOPLIST_KEY_UISupportedInterfaceOrientations_iPad = "UIInterfaceOrientationLandscapeLeft UIInterfaceOrientationLandscapeRight UIInterfaceOrientationPortrait UIInterfaceOrientationPortraitUpsideDown";
				IPHONEOS_DEPLOYMENT_TARGET = 15.0;
				LD_RUNPATH_SEARCH_PATHS = (
					"$(inherited)",
					"@executable_path/Frameworks",
				);
				MARKETING_VERSION = 0.1;
				PRODUCT_BUNDLE_IDENTIFIER = com.bittr.bittr;
				PRODUCT_NAME = "$(TARGET_NAME)";
				SUPPORTED_PLATFORMS = "iphoneos iphonesimulator";
				SUPPORTS_MACCATALYST = NO;
				SUPPORTS_MAC_DESIGNED_FOR_IPHONE_IPAD = YES;
				SWIFT_EMIT_LOC_STRINGS = YES;
				SWIFT_VERSION = 5.0;
				TARGETED_DEVICE_FAMILY = 1;
			};
			name = Debug;
		};
		05C3C0AD29CCB55800C1E695 /* Release */ = {
			isa = XCBuildConfiguration;
			buildSettings = {
				ASSETCATALOG_COMPILER_APPICON_NAME = AppIcon;
				ASSETCATALOG_COMPILER_GLOBAL_ACCENT_COLOR_NAME = AccentColor;
				CODE_SIGN_ENTITLEMENTS = bittr/bittr.entitlements;
				CODE_SIGN_STYLE = Automatic;
				CURRENT_PROJECT_VERSION = 53;
				DEVELOPMENT_TEAM = 86MNNX5ZSA;
				GENERATE_INFOPLIST_FILE = YES;
				INFOPLIST_FILE = bittr/Info.plist;
				INFOPLIST_KEY_CFBundleDisplayName = bittr;
				INFOPLIST_KEY_LSApplicationCategoryType = "public.app-category.finance";
				INFOPLIST_KEY_NSCameraUsageDescription = "Allow bittr to scan a QR code.";
				INFOPLIST_KEY_NSPhotoLibraryAddUsageDescription = "Allow bittr to add this screenshot to your Photo Library.";
				INFOPLIST_KEY_UIApplicationSupportsIndirectInputEvents = YES;
				INFOPLIST_KEY_UILaunchStoryboardName = LaunchScreen;
				INFOPLIST_KEY_UIMainStoryboardFile = Main;
				INFOPLIST_KEY_UIRequiresFullScreen = YES;
				INFOPLIST_KEY_UISupportedInterfaceOrientations = UIInterfaceOrientationPortrait;
				INFOPLIST_KEY_UISupportedInterfaceOrientations_iPad = "UIInterfaceOrientationLandscapeLeft UIInterfaceOrientationLandscapeRight UIInterfaceOrientationPortrait UIInterfaceOrientationPortraitUpsideDown";
				IPHONEOS_DEPLOYMENT_TARGET = 15.0;
				LD_RUNPATH_SEARCH_PATHS = (
					"$(inherited)",
					"@executable_path/Frameworks",
				);
				MARKETING_VERSION = 0.1;
				PRODUCT_BUNDLE_IDENTIFIER = com.bittr.bittr;
				PRODUCT_NAME = "$(TARGET_NAME)";
				SUPPORTED_PLATFORMS = "iphoneos iphonesimulator";
				SUPPORTS_MACCATALYST = NO;
				SUPPORTS_MAC_DESIGNED_FOR_IPHONE_IPAD = YES;
				SWIFT_EMIT_LOC_STRINGS = YES;
				SWIFT_VERSION = 5.0;
				TARGETED_DEVICE_FAMILY = 1;
			};
			name = Release;
		};
		05C3C0AF29CCB55800C1E695 /* Debug */ = {
			isa = XCBuildConfiguration;
			buildSettings = {
				ALWAYS_EMBED_SWIFT_STANDARD_LIBRARIES = YES;
				BUNDLE_LOADER = "$(TEST_HOST)";
				CODE_SIGN_STYLE = Automatic;
				CURRENT_PROJECT_VERSION = 1;
				DEVELOPMENT_TEAM = GFR2R8MM32;
				GENERATE_INFOPLIST_FILE = YES;
				IPHONEOS_DEPLOYMENT_TARGET = 16.2;
				MARKETING_VERSION = 1.0;
				PRODUCT_BUNDLE_IDENTIFIER = com.tommelters.bittrTests;
				PRODUCT_NAME = "$(TARGET_NAME)";
				SWIFT_EMIT_LOC_STRINGS = NO;
				SWIFT_VERSION = 5.0;
				TARGETED_DEVICE_FAMILY = "1,2";
				TEST_HOST = "$(BUILT_PRODUCTS_DIR)/bittr.app/$(BUNDLE_EXECUTABLE_FOLDER_PATH)/bittr";
			};
			name = Debug;
		};
		05C3C0B029CCB55800C1E695 /* Release */ = {
			isa = XCBuildConfiguration;
			buildSettings = {
				ALWAYS_EMBED_SWIFT_STANDARD_LIBRARIES = YES;
				BUNDLE_LOADER = "$(TEST_HOST)";
				CODE_SIGN_STYLE = Automatic;
				CURRENT_PROJECT_VERSION = 1;
				DEVELOPMENT_TEAM = GFR2R8MM32;
				GENERATE_INFOPLIST_FILE = YES;
				IPHONEOS_DEPLOYMENT_TARGET = 16.2;
				MARKETING_VERSION = 1.0;
				PRODUCT_BUNDLE_IDENTIFIER = com.tommelters.bittrTests;
				PRODUCT_NAME = "$(TARGET_NAME)";
				SWIFT_EMIT_LOC_STRINGS = NO;
				SWIFT_VERSION = 5.0;
				TARGETED_DEVICE_FAMILY = "1,2";
				TEST_HOST = "$(BUILT_PRODUCTS_DIR)/bittr.app/$(BUNDLE_EXECUTABLE_FOLDER_PATH)/bittr";
			};
			name = Release;
		};
		05C3C0B229CCB55800C1E695 /* Debug */ = {
			isa = XCBuildConfiguration;
			buildSettings = {
				ALWAYS_EMBED_SWIFT_STANDARD_LIBRARIES = YES;
				CODE_SIGN_STYLE = Automatic;
				CURRENT_PROJECT_VERSION = 1;
				DEVELOPMENT_TEAM = GFR2R8MM32;
				GENERATE_INFOPLIST_FILE = YES;
				MARKETING_VERSION = 1.0;
				PRODUCT_BUNDLE_IDENTIFIER = com.tommelters.bittrUITests;
				PRODUCT_NAME = "$(TARGET_NAME)";
				SWIFT_EMIT_LOC_STRINGS = NO;
				SWIFT_VERSION = 5.0;
				TARGETED_DEVICE_FAMILY = "1,2";
				TEST_TARGET_NAME = bittr;
			};
			name = Debug;
		};
		05C3C0B329CCB55800C1E695 /* Release */ = {
			isa = XCBuildConfiguration;
			buildSettings = {
				ALWAYS_EMBED_SWIFT_STANDARD_LIBRARIES = YES;
				CODE_SIGN_STYLE = Automatic;
				CURRENT_PROJECT_VERSION = 1;
				DEVELOPMENT_TEAM = GFR2R8MM32;
				GENERATE_INFOPLIST_FILE = YES;
				MARKETING_VERSION = 1.0;
				PRODUCT_BUNDLE_IDENTIFIER = com.tommelters.bittrUITests;
				PRODUCT_NAME = "$(TARGET_NAME)";
				SWIFT_EMIT_LOC_STRINGS = NO;
				SWIFT_VERSION = 5.0;
				TARGETED_DEVICE_FAMILY = "1,2";
				TEST_TARGET_NAME = bittr;
			};
			name = Release;
		};
/* End XCBuildConfiguration section */

/* Begin XCConfigurationList section */
		05C3C07C29CCB55600C1E695 /* Build configuration list for PBXProject "bittr" */ = {
			isa = XCConfigurationList;
			buildConfigurations = (
				05C3C0A929CCB55800C1E695 /* Debug */,
				05C3C0AA29CCB55800C1E695 /* Release */,
			);
			defaultConfigurationIsVisible = 0;
			defaultConfigurationName = Release;
		};
		05C3C0AB29CCB55800C1E695 /* Build configuration list for PBXNativeTarget "bittr" */ = {
			isa = XCConfigurationList;
			buildConfigurations = (
				05C3C0AC29CCB55800C1E695 /* Debug */,
				05C3C0AD29CCB55800C1E695 /* Release */,
			);
			defaultConfigurationIsVisible = 0;
			defaultConfigurationName = Release;
		};
		05C3C0AE29CCB55800C1E695 /* Build configuration list for PBXNativeTarget "bittrTests" */ = {
			isa = XCConfigurationList;
			buildConfigurations = (
				05C3C0AF29CCB55800C1E695 /* Debug */,
				05C3C0B029CCB55800C1E695 /* Release */,
			);
			defaultConfigurationIsVisible = 0;
			defaultConfigurationName = Release;
		};
		05C3C0B129CCB55800C1E695 /* Build configuration list for PBXNativeTarget "bittrUITests" */ = {
			isa = XCConfigurationList;
			buildConfigurations = (
				05C3C0B229CCB55800C1E695 /* Debug */,
				05C3C0B329CCB55800C1E695 /* Release */,
			);
			defaultConfigurationIsVisible = 0;
			defaultConfigurationName = Release;
		};
/* End XCConfigurationList section */

/* Begin XCRemoteSwiftPackageReference section */
		05D4E9C72B32E92A008823D7 /* XCRemoteSwiftPackageReference "ldk-swift" */ = {
			isa = XCRemoteSwiftPackageReference;
			repositoryURL = "https://github.com/lightningdevkit/ldk-swift/";
			requirement = {
				kind = exactVersion;
				version = 0.0.118;
			};
		};
		05D5D0DA2A6677EF00A1E771 /* XCRemoteSwiftPackageReference "bdk-swift" */ = {
			isa = XCRemoteSwiftPackageReference;
			repositoryURL = "https://github.com/bitcoindevkit/bdk-swift";
			requirement = {
				kind = exactVersion;
				version = 0.29.0;
			};
		};
		05D5D0DD2A66790400A1E771 /* XCRemoteSwiftPackageReference "CodeScanner" */ = {
			isa = XCRemoteSwiftPackageReference;
			repositoryURL = "https://github.com/twostraws/CodeScanner";
			requirement = {
				kind = exactVersion;
				version = 2.3.2;
			};
		};
		05D5D0E02A66796B00A1E771 /* XCRemoteSwiftPackageReference "keychain-swift" */ = {
			isa = XCRemoteSwiftPackageReference;
			repositoryURL = "https://github.com/evgenyneu/keychain-swift.git";
			requirement = {
				kind = exactVersion;
				version = 20.0.0;
			};
		};
		05D5D0E32A667BC500A1E771 /* XCRemoteSwiftPackageReference "ldk-node" */ = {
			isa = XCRemoteSwiftPackageReference;
			repositoryURL = "https://github.com/lightningdevkit/ldk-node";
			requirement = {
				branch = main;
				kind = branch;
			};
		};
/* End XCRemoteSwiftPackageReference section */

/* Begin XCSwiftPackageProductDependency section */
		05D4E9C82B32E92A008823D7 /* LightningDevKit */ = {
			isa = XCSwiftPackageProductDependency;
			package = 05D4E9C72B32E92A008823D7 /* XCRemoteSwiftPackageReference "ldk-swift" */;
			productName = LightningDevKit;
		};
		05D5D0DB2A6677EF00A1E771 /* BitcoinDevKit */ = {
			isa = XCSwiftPackageProductDependency;
			package = 05D5D0DA2A6677EF00A1E771 /* XCRemoteSwiftPackageReference "bdk-swift" */;
			productName = BitcoinDevKit;
		};
		05D5D0DE2A66790400A1E771 /* CodeScanner */ = {
			isa = XCSwiftPackageProductDependency;
			package = 05D5D0DD2A66790400A1E771 /* XCRemoteSwiftPackageReference "CodeScanner" */;
			productName = CodeScanner;
		};
		05D5D0E12A66796B00A1E771 /* KeychainSwift */ = {
			isa = XCSwiftPackageProductDependency;
			package = 05D5D0E02A66796B00A1E771 /* XCRemoteSwiftPackageReference "keychain-swift" */;
			productName = KeychainSwift;
		};
		05D5D0E42A667BC500A1E771 /* LDKNode */ = {
			isa = XCSwiftPackageProductDependency;
			package = 05D5D0E32A667BC500A1E771 /* XCRemoteSwiftPackageReference "ldk-node" */;
			productName = LDKNode;
		};
/* End XCSwiftPackageProductDependency section */
	};
	rootObject = 05C3C07929CCB55600C1E695 /* Project object */;
}
